
Microsoft Visual Studio Solution File, Format Version 12.00
# Visual Studio Version 16
VisualStudioVersion = 16.0.29503.13
MinimumVisualStudioVersion = 10.0.40219.1
Project("{FAE04EC0-301F-11D3-BF4B-00C04F79EFBC}") = "ExMemory", "ExMemory\ExMemory.csproj", "{F79CF1B6-F073-41BD-932A-23B4745EF7CC}"
EndProject
Global
	GlobalSection(SolutionConfigurationPlatforms) = preSolution
		Debug|Any CPU = Debug|Any CPU
		Release|Any CPU = Release|Any CPU
	EndGlobalSection
	GlobalSection(ProjectConfigurationPlatforms) = postSolution
		{F79CF1B6-F073-41BD-932A-23B4745EF7CC}.Debug|Any CPU.ActiveCfg = Debug|Any CPU
		{F79CF1B6-F073-41BD-932A-23B4745EF7CC}.Debug|Any CPU.Build.0 = Debug|Any CPU
		{F79CF1B6-F073-41BD-932A-23B4745EF7CC}.Release|Any CPU.ActiveCfg = Release|Any CPU
		{F79CF1B6-F073-41BD-932A-23B4745EF7CC}.Release|Any CPU.Build.0 = Release|Any CPU
	EndGlobalSection
	GlobalSection(SolutionProperties) = preSolution
		HideSolutionNode = FALSE
	EndGlobalSection
	GlobalSection(ExtensibilityGlobals) = postSolution
		SolutionGuid = {A546D42A-0EC4-436B-BF57-CE8CDDA3C9B9}
	EndGlobalSection
EndGlobal
